
Microsoft Visual Studio Solution File, Format Version 12.00
# Visual Studio 15
VisualStudioVersion = 15.0.28307.1758
MinimumVisualStudioVersion = 10.0.40219.1
Project("{FAE04EC0-301F-11D3-BF4B-00C04F79EFBC}") = "dia6", "dia6\dia6.csproj", "{31CC12D7-6E7C-40CD-913E-7F2C81CD4FAC}"
EndProject
Global
	GlobalSection(SolutionConfigurationPlatforms) = preSolution
		Debug|Any CPU = Debug|Any CPU
		Release|Any CPU = Release|Any CPU
	EndGlobalSection
	GlobalSection(ProjectConfigurationPlatforms) = postSolution
		{31CC12D7-6E7C-40CD-913E-7F2C81CD4FAC}.Debug|Any CPU.ActiveCfg = Debug|Any CPU
		{31CC12D7-6E7C-40CD-913E-7F2C81CD4FAC}.Debug|Any CPU.Build.0 = Debug|Any CPU
		{31CC12D7-6E7C-40CD-913E-7F2C81CD4FAC}.Release|Any CPU.ActiveCfg = Release|Any CPU
		{31CC12D7-6E7C-40CD-913E-7F2C81CD4FAC}.Release|Any CPU.Build.0 = Release|Any CPU
	EndGlobalSection
	GlobalSection(SolutionProperties) = preSolution
		HideSolutionNode = FALSE
	EndGlobalSection
	GlobalSection(ExtensibilityGlobals) = postSolution
		SolutionGuid = {DED84E5C-F944-45FC-AC44-2DEADB22A1D7}
	EndGlobalSection
EndGlobal
